
Microsoft Visual Studio Solution File, Format Version 12.00
# Visual Studio Version 16
VisualStudioVersion = 16.0.30717.126
MinimumVisualStudioVersion = 10.0.40219.1
Project("{FAE04EC0-301F-11D3-BF4B-00C04F79EFBC}") = "STPMS14", "STPMS14\STPMS14.csproj", "{A20166F3-DEEB-4363-998E-07EB0EF5EDFC}"
EndProject
Global
	GlobalSection(SolutionConfigurationPlatforms) = preSolution
		Debug|Any CPU = Debug|Any CPU
		Release|Any CPU = Release|Any CPU
	EndGlobalSection
	GlobalSection(ProjectConfigurationPlatforms) = postSolution
		{A20166F3-DEEB-4363-998E-07EB0EF5EDFC}.Debug|Any CPU.ActiveCfg = Debug|Any CPU
		{A20166F3-DEEB-4363-998E-07EB0EF5EDFC}.Debug|Any CPU.Build.0 = Debug|Any CPU
		{A20166F3-DEEB-4363-998E-07EB0EF5EDFC}.Release|Any CPU.ActiveCfg = Release|Any CPU
		{A20166F3-DEEB-4363-998E-07EB0EF5EDFC}.Release|Any CPU.Build.0 = Release|Any CPU
	EndGlobalSection
	GlobalSection(SolutionProperties) = preSolution
		HideSolutionNode = FALSE
	EndGlobalSection
	GlobalSection(ExtensibilityGlobals) = postSolution
		SolutionGuid = {0D513350-7E1E-4D54-9D87-8EB1B99E3D5C}
	EndGlobalSection
EndGlobal
